// !$*UTF8*$!
{
	archiveVersion = 1;
	classes = {
	};
	objectVersion = 50;
	objects = {

/* Begin PBXBuildFile section */
		4500E3ADFAEE73B996B7E890 /* Pods_home_work_13.framework in Frameworks */ = {isa = PBXBuildFile; fileRef = 3C6F480043B05AE9E0F8E5C6 /* Pods_home_work_13.framework */; };
		476AC38023D9E56100F31297 /* AppDelegate.swift in Sources */ = {isa = PBXBuildFile; fileRef = 476AC37F23D9E56100F31297 /* AppDelegate.swift */; };
		476AC38223D9E56100F31297 /* SceneDelegate.swift in Sources */ = {isa = PBXBuildFile; fileRef = 476AC38123D9E56100F31297 /* SceneDelegate.swift */; };
		476AC38423D9E56100F31297 /* ViewController.swift in Sources */ = {isa = PBXBuildFile; fileRef = 476AC38323D9E56100F31297 /* ViewController.swift */; };
		476AC38723D9E56100F31297 /* Main.storyboard in Resources */ = {isa = PBXBuildFile; fileRef = 476AC38523D9E56100F31297 /* Main.storyboard */; };
		476AC38923D9E56300F31297 /* Assets.xcassets in Resources */ = {isa = PBXBuildFile; fileRef = 476AC38823D9E56300F31297 /* Assets.xcassets */; };
		476AC38C23D9E56300F31297 /* LaunchScreen.storyboard in Resources */ = {isa = PBXBuildFile; fileRef = 476AC38A23D9E56300F31297 /* LaunchScreen.storyboard */; };
/* End PBXBuildFile section */

/* Begin PBXFileReference section */
		3C6F480043B05AE9E0F8E5C6 /* Pods_home_work_13.framework */ = {isa = PBXFileReference; explicitFileType = wrapper.framework; includeInIndex = 0; path = Pods_home_work_13.framework; sourceTree = BUILT_PRODUCTS_DIR; };
		476AC37C23D9E56100F31297 /* home_work_13.app */ = {isa = PBXFileReference; explicitFileType = wrapper.application; includeInIndex = 0; path = home_work_13.app; sourceTree = BUILT_PRODUCTS_DIR; };
		476AC37F23D9E56100F31297 /* AppDelegate.swift */ = {isa = PBXFileReference; lastKnownFileType = sourcecode.swift; path = AppDelegate.swift; sourceTree = "<group>"; };
		476AC38123D9E56100F31297 /* SceneDelegate.swift */ = {isa = PBXFileReference; lastKnownFileType = sourcecode.swift; path = SceneDelegate.swift; sourceTree = "<group>"; };
		476AC38323D9E56100F31297 /* ViewController.swift */ = {isa = PBXFileReference; lastKnownFileType = sourcecode.swift; path = ViewController.swift; sourceTree = "<group>"; };
		476AC38623D9E56100F31297 /* Base */ = {isa = PBXFileReference; lastKnownFileType = file.storyboard; name = Base; path = Base.lproj/Main.storyboard; sourceTree = "<group>"; };
		476AC38823D9E56300F31297 /* Assets.xcassets */ = {isa = PBXFileReference; lastKnownFileType = folder.assetcatalog; path = Assets.xcassets; sourceTree = "<group>"; };
		476AC38B23D9E56300F31297 /* Base */ = {isa = PBXFileReference; lastKnownFileType = file.storyboard; name = Base; path = Base.lproj/LaunchScreen.storyboard; sourceTree = "<group>"; };
		476AC38D23D9E56300F31297 /* Info.plist */ = {isa = PBXFileReference; lastKnownFileType = text.plist.xml; path = Info.plist; sourceTree = "<group>"; };
		B3428EF79E9A221DA9D6B7D8 /* Pods-home_work_13.debug.xcconfig */ = {isa = PBXFileReference; includeInIndex = 1; lastKnownFileType = text.xcconfig; name = "Pods-home_work_13.debug.xcconfig"; path = "Target Support Files/Pods-home_work_13/Pods-home_work_13.debug.xcconfig"; sourceTree = "<group>"; };
		FB96A8237CC6C622FA06B9D4 /* Pods-home_work_13.release.xcconfig */ = {isa = PBXFileReference; includeInIndex = 1; lastKnownFileType = text.xcconfig; name = "Pods-home_work_13.release.xcconfig"; path = "Target Support Files/Pods-home_work_13/Pods-home_work_13.release.xcconfig"; sourceTree = "<group>"; };
/* End PBXFileReference section */

/* Begin PBXFrameworksBuildPhase section */
		476AC37923D9E56100F31297 /* Frameworks */ = {
			isa = PBXFrameworksBuildPhase;
			buildActionMask = 2147483647;
			files = (
				4500E3ADFAEE73B996B7E890 /* Pods_home_work_13.framework in Frameworks */,
			);
			runOnlyForDeploymentPostprocessing = 0;
		};
/* End PBXFrameworksBuildPhase section */

/* Begin PBXGroup section */
		1529B373731791D1E6E4D42C /* Pods */ = {
			isa = PBXGroup;
			children = (
				B3428EF79E9A221DA9D6B7D8 /* Pods-home_work_13.debug.xcconfig */,
				FB96A8237CC6C622FA06B9D4 /* Pods-home_work_13.release.xcconfig */,
			);
			name = Pods;
			path = Pods;
			sourceTree = "<group>";
		};
		476AC37323D9E56100F31297 = {
			isa = PBXGroup;
			children = (
				476AC37E23D9E56100F31297 /* home_work_13 */,
				476AC37D23D9E56100F31297 /* Products */,
				1529B373731791D1E6E4D42C /* Pods */,
				EDCB778B9A6C45CD8BC05711 /* Frameworks */,
			);
			sourceTree = "<group>";
		};
		476AC37D23D9E56100F31297 /* Products */ = {
			isa = PBXGroup;
			children = (
				476AC37C23D9E56100F31297 /* home_work_13.app */,
			);
			name = Products;
			sourceTree = "<group>";
		};
		476AC37E23D9E56100F31297 /* home_work_13 */ = {
			isa = PBXGroup;
			children = (
				476AC37F23D9E56100F31297 /* AppDelegate.swift */,
				476AC38123D9E56100F31297 /* SceneDelegate.swift */,
				476AC38323D9E56100F31297 /* ViewController.swift */,
				476AC38523D9E56100F31297 /* Main.storyboard */,
				476AC38823D9E56300F31297 /* Assets.xcassets */,
				476AC38A23D9E56300F31297 /* LaunchScreen.storyboard */,
				476AC38D23D9E56300F31297 /* Info.plist */,
			);
			path = home_work_13;
			sourceTree = "<group>";
		};
		EDCB778B9A6C45CD8BC05711 /* Frameworks */ = {
			isa = PBXGroup;
			children = (
				3C6F480043B05AE9E0F8E5C6 /* Pods_home_work_13.framework */,
			);
			name = Frameworks;
			sourceTree = "<group>";
		};
/* End PBXGroup section */

/* Begin PBXNativeTarget section */
		476AC37B23D9E56100F31297 /* home_work_13 */ = {
			isa = PBXNativeTarget;
			buildConfigurationList = 476AC39023D9E56300F31297 /* Build configuration list for PBXNativeTarget "home_work_13" */;
			buildPhases = (
				FBC4E77DF0E1AB89E309539A /* [CP] Check Pods Manifest.lock */,
				476AC37823D9E56100F31297 /* Sources */,
				476AC37923D9E56100F31297 /* Frameworks */,
				476AC37A23D9E56100F31297 /* Resources */,
				AFC2D3C202F5B5A9EDFAD455 /* [CP] Embed Pods Frameworks */,
			);
			buildRules = (
			);
			dependencies = (
			);
			name = home_work_13;
			productName = home_work_13;
			productReference = 476AC37C23D9E56100F31297 /* home_work_13.app */;
			productType = "com.apple.product-type.application";
		};
/* End PBXNativeTarget section */

/* Begin PBXProject section */
		476AC37423D9E56100F31297 /* Project object */ = {
			isa = PBXProject;
			attributes = {
				LastSwiftUpdateCheck = 1130;
				LastUpgradeCheck = 1130;
				ORGANIZATIONNAME = "Pavel Bondar";
				TargetAttributes = {
					476AC37B23D9E56100F31297 = {
						CreatedOnToolsVersion = 11.3.1;
					};
				};
			};
			buildConfigurationList = 476AC37723D9E56100F31297 /* Build configuration list for PBXProject "home_work_13" */;
			compatibilityVersion = "Xcode 9.3";
			developmentRegion = en;
			hasScannedForEncodings = 0;
			knownRegions = (
				en,
				Base,
			);
			mainGroup = 476AC37323D9E56100F31297;
			productRefGroup = 476AC37D23D9E56100F31297 /* Products */;
			projectDirPath = "";
			projectRoot = "";
			targets = (
				476AC37B23D9E56100F31297 /* home_work_13 */,
			);
		};
/* End PBXProject section */

/* Begin PBXResourcesBuildPhase section */
		476AC37A23D9E56100F31297 /* Resources */ = {
			isa = PBXResourcesBuildPhase;
			buildActionMask = 2147483647;
			files = (
				476AC38C23D9E56300F31297 /* LaunchScreen.storyboard in Resources */,
				476AC38923D9E56300F31297 /* Assets.xcassets in Resources */,
				476AC38723D9E56100F31297 /* Main.storyboard in Resources */,
			);
			runOnlyForDeploymentPostprocessing = 0;
		};
/* End PBXResourcesBuildPhase section */

/* Begin PBXShellScriptBuildPhase section */
		AFC2D3C202F5B5A9EDFAD455 /* [CP] Embed Pods Frameworks */ = {
			isa = PBXShellScriptBuildPhase;
			buildActionMask = 2147483647;
			files = (
			);
			inputFileListPaths = (
				"${PODS_ROOT}/Target Support Files/Pods-home_work_13/Pods-home_work_13-frameworks-${CONFIGURATION}-input-files.xcfilelist",
			);
			name = "[CP] Embed Pods Frameworks";
			outputFileListPaths = (
				"${PODS_ROOT}/Target Support Files/Pods-home_work_13/Pods-home_work_13-frameworks-${CONFIGURATION}-output-files.xcfilelist",
			);
			runOnlyForDeploymentPostprocessing = 0;
			shellPath = /bin/sh;
			shellScript = "\"${PODS_ROOT}/Target Support Files/Pods-home_work_13/Pods-home_work_13-frameworks.sh\"\n";
			showEnvVarsInLog = 0;
		};
		FBC4E77DF0E1AB89E309539A /* [CP] Check Pods Manifest.lock */ = {
			isa = PBXShellScriptBuildPhase;
			buildActionMask = 2147483647;
			files = (
			);
			inputFileListPaths = (
			);
			inputPaths = (
				"${PODS_PODFILE_DIR_PATH}/Podfile.lock",
				"${PODS_ROOT}/Manifest.lock",
			);
			name = "[CP] Check Pods Manifest.lock";
			outputFileListPaths = (
			);
			outputPaths = (
				"$(DERIVED_FILE_DIR)/Pods-home_work_13-checkManifestLockResult.txt",
			);
			runOnlyForDeploymentPostprocessing = 0;
			shellPath = /bin/sh;
			shellScript = "diff \"${PODS_PODFILE_DIR_PATH}/Podfile.lock\" \"${PODS_ROOT}/Manifest.lock\" > /dev/null\nif [ $? != 0 ] ; then\n    # print error to STDERR\n    echo \"error: The sandbox is not in sync with the Podfile.lock. Run 'pod install' or update your CocoaPods installation.\" >&2\n    exit 1\nfi\n# This output is used by Xcode 'outputs' to avoid re-running this script phase.\necho \"SUCCESS\" > \"${SCRIPT_OUTPUT_FILE_0}\"\n";
			showEnvVarsInLog = 0;
		};
/* End PBXShellScriptBuildPhase section */

/* Begin PBXSourcesBuildPhase section */
		476AC37823D9E56100F31297 /* Sources */ = {
			isa = PBXSourcesBuildPhase;
			buildActionMask = 2147483647;
			files = (
				476AC38423D9E56100F31297 /* ViewController.swift in Sources */,
				476AC38023D9E56100F31297 /* AppDelegate.swift in Sources */,
				476AC38223D9E56100F31297 /* SceneDelegate.swift in Sources */,
			);
			runOnlyForDeploymentPostprocessing = 0;
		};
/* End PBXSourcesBuildPhase section */

/* Begin PBXVariantGroup section */
		476AC38523D9E56100F31297 /* Main.storyboard */ = {
			isa = PBXVariantGroup;
			children = (
				476AC38623D9E56100F31297 /* Base */,
			);
			name = Main.storyboard;
			sourceTree = "<group>";
		};
		476AC38A23D9E56300F31297 /* LaunchScreen.storyboard */ = {
			isa = PBXVariantGroup;
			children = (
				476AC38B23D9E56300F31297 /* Base */,
			);
			name = LaunchScreen.storyboard;
			sourceTree = "<group>";
		};
/* End PBXVariantGroup section */

/* Begin XCBuildConfiguration section */
		476AC38E23D9E56300F31297 /* Debug */ = {
			isa = XCBuildConfiguration;
			buildSettings = {
				ALWAYS_SEARCH_USER_PATHS = NO;
				CLANG_ANALYZER_NONNULL = YES;
				CLANG_ANALYZER_NUMBER_OBJECT_CONVERSION = YES_AGGRESSIVE;
				CLANG_CXX_LANGUAGE_STANDARD = "gnu++14";
				CLANG_CXX_LIBRARY = "libc++";
				CLANG_ENABLE_MODULES = YES;
				CLANG_ENABLE_OBJC_ARC = YES;
				CLANG_ENABLE_OBJC_WEAK = YES;
				CLANG_WARN_BLOCK_CAPTURE_AUTORELEASING = YES;
				CLANG_WARN_BOOL_CONVERSION = YES;
				CLANG_WARN_COMMA = YES;
				CLANG_WARN_CONSTANT_CONVERSION = YES;
				CLANG_WARN_DEPRECATED_OBJC_IMPLEMENTATIONS = YES;
				CLANG_WARN_DIRECT_OBJC_ISA_USAGE = YES_ERROR;
				CLANG_WARN_DOCUMENTATION_COMMENTS = YES;
				CLANG_WARN_EMPTY_BODY = YES;
				CLANG_WARN_ENUM_CONVERSION = YES;
				CLANG_WARN_INFINITE_RECURSION = YES;
				CLANG_WARN_INT_CONVERSION = YES;
				CLANG_WARN_NON_LITERAL_NULL_CONVERSION = YES;
				CLANG_WARN_OBJC_IMPLICIT_RETAIN_SELF = YES;
				CLANG_WARN_OBJC_LITERAL_CONVERSION = YES;
				CLANG_WARN_OBJC_ROOT_CLASS = YES_ERROR;
				CLANG_WARN_RANGE_LOOP_ANALYSIS = YES;
				CLANG_WARN_STRICT_PROTOTYPES = YES;
				CLANG_WARN_SUSPICIOUS_MOVE = YES;
				CLANG_WARN_UNGUARDED_AVAILABILITY = YES_AGGRESSIVE;
				CLANG_WARN_UNREACHABLE_CODE = YES;
				CLANG_WARN__DUPLICATE_METHOD_MATCH = YES;
				COPY_PHASE_STRIP = NO;
				DEBUG_INFORMATION_FORMAT = dwarf;
				ENABLE_STRICT_OBJC_MSGSEND = YES;
				ENABLE_TESTABILITY = YES;
				GCC_C_LANGUAGE_STANDARD = gnu11;
				GCC_DYNAMIC_NO_PIC = NO;
				GCC_NO_COMMON_BLOCKS = YES;
				GCC_OPTIMIZATION_LEVEL = 0;
				GCC_PREPROCESSOR_DEFINITIONS = (
					"DEBUG=1",
					"$(inherited)",
				);
				GCC_WARN_64_TO_32_BIT_CONVERSION = YES;
				GCC_WARN_ABOUT_RETURN_TYPE = YES_ERROR;
				GCC_WARN_UNDECLARED_SELECTOR = YES;
				GCC_WARN_UNINITIALIZED_AUTOS = YES_AGGRESSIVE;
				GCC_WARN_UNUSED_FUNCTION = YES;
				GCC_WARN_UNUSED_VARIABLE = YES;
				IPHONEOS_DEPLOYMENT_TARGET = 13.2;
				MTL_ENABLE_DEBUG_INFO = INCLUDE_SOURCE;
				MTL_FAST_MATH = YES;
				ONLY_ACTIVE_ARCH = YES;
				SDKROOT = iphoneos;
				SWIFT_ACTIVE_COMPILATION_CONDITIONS = DEBUG;
				SWIFT_OPTIMIZATION_LEVEL = "-Onone";
			};
			name = Debug;
		};
		476AC38F23D9E56300F31297 /* Release */ = {
			isa = XCBuildConfiguration;
			buildSettings = {
				ALWAYS_SEARCH_USER_PATHS = NO;
				CLANG_ANALYZER_NONNULL = YES;
				CLANG_ANALYZER_NUMBER_OBJECT_CONVERSION = YES_AGGRESSIVE;
				CLANG_CXX_LANGUAGE_STANDARD = "gnu++14";
				CLANG_CXX_LIBRARY = "libc++";
				CLANG_ENABLE_MODULES = YES;
				CLANG_ENABLE_OBJC_ARC = YES;
				CLANG_ENABLE_OBJC_WEAK = YES;
				CLANG_WARN_BLOCK_CAPTURE_AUTORELEASING = YES;
				CLANG_WARN_BOOL_CONVERSION = YES;
				CLANG_WARN_COMMA = YES;
				CLANG_WARN_CONSTANT_CONVERSION = YES;
				CLANG_WARN_DEPRECATED_OBJC_IMPLEMENTATIONS = YES;
				CLANG_WARN_DIRECT_OBJC_ISA_USAGE = YES_ERROR;
				CLANG_WARN_DOCUMENTATION_COMMENTS = YES;
				CLANG_WARN_EMPTY_BODY = YES;
				CLANG_WARN_ENUM_CONVERSION = YES;
				CLANG_WARN_INFINITE_RECURSION = YES;
				CLANG_WARN_INT_CONVERSION = YES;
				CLANG_WARN_NON_LITERAL_NULL_CONVERSION = YES;
				CLANG_WARN_OBJC_IMPLICIT_RETAIN_SELF = YES;
				CLANG_WARN_OBJC_LITERAL_CONVERSION = YES;
				CLANG_WARN_OBJC_ROOT_CLASS = YES_ERROR;
				CLANG_WARN_RANGE_LOOP_ANALYSIS = YES;
				CLANG_WARN_STRICT_PROTOTYPES = YES;
				CLANG_WARN_SUSPICIOUS_MOVE = YES;
				CLANG_WARN_UNGUARDED_AVAILABILITY = YES_AGGRESSIVE;
				CLANG_WARN_UNREACHABLE_CODE = YES;
				CLANG_WARN__DUPLICATE_METHOD_MATCH = YES;
				COPY_PHASE_STRIP = NO;
				DEBUG_INFORMATION_FORMAT = "dwarf-with-dsym";
				ENABLE_NS_ASSERTIONS = NO;
				ENABLE_STRICT_OBJC_MSGSEND = YES;
				GCC_C_LANGUAGE_STANDARD = gnu11;
				GCC_NO_COMMON_BLOCKS = YES;
				GCC_WARN_64_TO_32_BIT_CONVERSION = YES;
				GCC_WARN_ABOUT_RETURN_TYPE = YES_ERROR;
				GCC_WARN_UNDECLARED_SELECTOR = YES;
				GCC_WARN_UNINITIALIZED_AUTOS = YES_AGGRESSIVE;
				GCC_WARN_UNUSED_FUNCTION = YES;
				GCC_WARN_UNUSED_VARIABLE = YES;
				IPHONEOS_DEPLOYMENT_TARGET = 13.2;
				MTL_ENABLE_DEBUG_INFO = NO;
				MTL_FAST_MATH = YES;
				SDKROOT = iphoneos;
				SWIFT_COMPILATION_MODE = wholemodule;
				SWIFT_OPTIMIZATION_LEVEL = "-O";
				VALIDATE_PRODUCT = YES;
			};
			name = Release;
		};
		476AC39123D9E56300F31297 /* Debug */ = {
			isa = XCBuildConfiguration;
			baseConfigurationReference = B3428EF79E9A221DA9D6B7D8 /* Pods-home_work_13.debug.xcconfig */;
			buildSettings = {
				ASSETCATALOG_COMPILER_APPICON_NAME = AppIcon;
				CODE_SIGN_STYLE = Automatic;
				DEVELOPMENT_TEAM = Z67C29K2Q6;
				INFOPLIST_FILE = home_work_13/Info.plist;
				LD_RUNPATH_SEARCH_PATHS = (
					"$(inherited)",
					"@executable_path/Frameworks",
				);
				PRODUCT_BUNDLE_IDENTIFIER = "com.geeknub.home-work-13";
				PRODUCT_NAME = "$(TARGET_NAME)";
				SWIFT_VERSION = 5.0;
				TARGETED_DEVICE_FAMILY = 1;
			};
			name = Debug;
		};
		476AC39223D9E56300F31297 /* Release */ = {
			isa = XCBuildConfiguration;
			baseConfigurationReference = FB96A8237CC6C622FA06B9D4 /* Pods-home_work_13.release.xcconfig */;
			buildSettings = {
				ASSETCATALOG_COMPILER_APPICON_NAME = AppIcon;
				CODE_SIGN_STYLE = Automatic;
				DEVELOPMENT_TEAM = Z67C29K2Q6;
				INFOPLIST_FILE = home_work_13/Info.plist;
				LD_RUNPATH_SEARCH_PATHS = (
					"$(inherited)",
					"@executable_path/Frameworks",
				);
				PRODUCT_BUNDLE_IDENTIFIER = "com.geeknub.home-work-13";
				PRODUCT_NAME = "$(TARGET_NAME)";
				SWIFT_VERSION = 5.0;
				TARGETED_DEVICE_FAMILY = 1;
			};
			name = Release;
		};
/* End XCBuildConfiguration section */

/* Begin XCConfigurationList section */
		476AC37723D9E56100F31297 /* Build configuration list for PBXProject "home_work_13" */ = {
			isa = XCConfigurationList;
			buildConfigurations = (
				476AC38E23D9E56300F31297 /* Debug */,
				476AC38F23D9E56300F31297 /* Release */,
			);
			defaultConfigurationIsVisible = 0;
			defaultConfigurationName = Release;
		};
		476AC39023D9E56300F31297 /* Build configuration list for PBXNativeTarget "home_work_13" */ = {
			isa = XCConfigurationList;
			buildConfigurations = (
				476AC39123D9E56300F31297 /* Debug */,
				476AC39223D9E56300F31297 /* Release */,
			);
			defaultConfigurationIsVisible = 0;
			defaultConfigurationName = Release;
		};
/* End XCConfigurationList section */
	};
	rootObject = 476AC37423D9E56100F31297 /* Project object */;
}
